// !$*UTF8*$!
{
	archiveVersion = 1;
	classes = {
	};
	objectVersion = 46;
	objects = {

/* Begin PBXBuildFile section */
		CD03A83F1A7501A600C5CBC8 /* main.m in Sources */ = {isa = PBXBuildFile; fileRef = CD03A83E1A7501A600C5CBC8 /* main.m */; };
		CD03A8421A7501A600C5CBC8 /* AppDelegate.m in Sources */ = {isa = PBXBuildFile; fileRef = CD03A8411A7501A600C5CBC8 /* AppDelegate.m */; };
		CD03A8451A7501A600C5CBC8 /* Thousand_Word.xcdatamodeld in Sources */ = {isa = PBXBuildFile; fileRef = CD03A8431A7501A600C5CBC8 /* Thousand_Word.xcdatamodeld */; };
		CD03A84B1A7501A600C5CBC8 /* Main.storyboard in Resources */ = {isa = PBXBuildFile; fileRef = CD03A8491A7501A600C5CBC8 /* Main.storyboard */; };
		CD03A84D1A7501A600C5CBC8 /* Images.xcassets in Resources */ = {isa = PBXBuildFile; fileRef = CD03A84C1A7501A600C5CBC8 /* Images.xcassets */; };
		CD03A8501A7501A600C5CBC8 /* LaunchScreen.xib in Resources */ = {isa = PBXBuildFile; fileRef = CD03A84E1A7501A600C5CBC8 /* LaunchScreen.xib */; };
		CD03A85C1A7501A600C5CBC8 /* Thousand_WordTests.m in Sources */ = {isa = PBXBuildFile; fileRef = CD03A85B1A7501A600C5CBC8 /* Thousand_WordTests.m */; };
		CD03A8671A75021D00C5CBC8 /* AlbumTableViewController.m in Sources */ = {isa = PBXBuildFile; fileRef = CD03A8661A75021D00C5CBC8 /* AlbumTableViewController.m */; };
		CD52FD4C1A7765E7000486F3 /* PhotoDetailViewController.m in Sources */ = {isa = PBXBuildFile; fileRef = CD52FD4B1A7765E7000486F3 /* PhotoDetailViewController.m */; };
		CD9A3B1D1A77507F00540D28 /* CoreDataHelper.m in Sources */ = {isa = PBXBuildFile; fileRef = CD9A3B1C1A77507F00540D28 /* CoreDataHelper.m */; };
		CDACAB651A774E7000BD57B9 /* PictureDataTransformer.m in Sources */ = {isa = PBXBuildFile; fileRef = CDACAB641A774E7000BD57B9 /* PictureDataTransformer.m */; };
		CDAFF52F1A751817006090DB /* PhotosCollectionViewController.m in Sources */ = {isa = PBXBuildFile; fileRef = CDAFF52E1A751817006090DB /* PhotosCollectionViewController.m */; };
		CDAFF5321A75199A006090DB /* PhotosCollectionViewCell.m in Sources */ = {isa = PBXBuildFile; fileRef = CDAFF5311A75199A006090DB /* PhotosCollectionViewCell.m */; };
		CDAFF5341A751B79006090DB /* image.jpg in Resources */ = {isa = PBXBuildFile; fileRef = CDAFF5331A751B79006090DB /* image.jpg */; };
		CDBEB8671A7776F500945106 /* FiltersCollectionViewController.m in Sources */ = {isa = PBXBuildFile; fileRef = CDBEB8661A7776F500945106 /* FiltersCollectionViewController.m */; };
		CDFB09FE1A7755490037989D /* Album.m in Sources */ = {isa = PBXBuildFile; fileRef = CDFB09FD1A7755490037989D /* Album.m */; };
		CDFB0A011A77554A0037989D /* Photo.m in Sources */ = {isa = PBXBuildFile; fileRef = CDFB0A001A77554A0037989D /* Photo.m */; };
/* End PBXBuildFile section */

/* Begin PBXContainerItemProxy section */
		CD03A8561A7501A600C5CBC8 /* PBXContainerItemProxy */ = {
			isa = PBXContainerItemProxy;
			containerPortal = CD03A8311A7501A600C5CBC8 /* Project object */;
			proxyType = 1;
			remoteGlobalIDString = CD03A8381A7501A600C5CBC8;
			remoteInfo = "Thousand Word";
		};
/* End PBXContainerItemProxy section */

/* Begin PBXFileReference section */
		CD03A8391A7501A600C5CBC8 /* Thousand Word.app */ = {isa = PBXFileReference; explicitFileType = wrapper.application; includeInIndex = 0; path = "Thousand Word.app"; sourceTree = BUILT_PRODUCTS_DIR; };
		CD03A83D1A7501A600C5CBC8 /* Info.plist */ = {isa = PBXFileReference; lastKnownFileType = text.plist.xml; path = Info.plist; sourceTree = "<group>"; };
		CD03A83E1A7501A600C5CBC8 /* main.m */ = {isa = PBXFileReference; lastKnownFileType = sourcecode.c.objc; path = main.m; sourceTree = "<group>"; };
		CD03A8401A7501A600C5CBC8 /* AppDelegate.h */ = {isa = PBXFileReference; lastKnownFileType = sourcecode.c.h; path = AppDelegate.h; sourceTree = "<group>"; };
		CD03A8411A7501A600C5CBC8 /* AppDelegate.m */ = {isa = PBXFileReference; lastKnownFileType = sourcecode.c.objc; path = AppDelegate.m; sourceTree = "<group>"; };
		CD03A8441A7501A600C5CBC8 /* Thousand_Word.xcdatamodel */ = {isa = PBXFileReference; lastKnownFileType = wrapper.xcdatamodel; path = Thousand_Word.xcdatamodel; sourceTree = "<group>"; };
		CD03A84A1A7501A600C5CBC8 /* Base */ = {isa = PBXFileReference; lastKnownFileType = file.storyboard; name = Base; path = Base.lproj/Main.storyboard; sourceTree = "<group>"; };
		CD03A84C1A7501A600C5CBC8 /* Images.xcassets */ = {isa = PBXFileReference; lastKnownFileType = folder.assetcatalog; path = Images.xcassets; sourceTree = "<group>"; };
		CD03A84F1A7501A600C5CBC8 /* Base */ = {isa = PBXFileReference; lastKnownFileType = file.xib; name = Base; path = Base.lproj/LaunchScreen.xib; sourceTree = "<group>"; };
		CD03A8551A7501A600C5CBC8 /* Thousand WordTests.xctest */ = {isa = PBXFileReference; explicitFileType = wrapper.cfbundle; includeInIndex = 0; path = "Thousand WordTests.xctest"; sourceTree = BUILT_PRODUCTS_DIR; };
		CD03A85A1A7501A600C5CBC8 /* Info.plist */ = {isa = PBXFileReference; lastKnownFileType = text.plist.xml; path = Info.plist; sourceTree = "<group>"; };
		CD03A85B1A7501A600C5CBC8 /* Thousand_WordTests.m */ = {isa = PBXFileReference; lastKnownFileType = sourcecode.c.objc; path = Thousand_WordTests.m; sourceTree = "<group>"; };
		CD03A8651A75021D00C5CBC8 /* AlbumTableViewController.h */ = {isa = PBXFileReference; fileEncoding = 4; lastKnownFileType = sourcecode.c.h; path = AlbumTableViewController.h; sourceTree = "<group>"; };
		CD03A8661A75021D00C5CBC8 /* AlbumTableViewController.m */ = {isa = PBXFileReference; fileEncoding = 4; lastKnownFileType = sourcecode.c.objc; path = AlbumTableViewController.m; sourceTree = "<group>"; };
		CD52FD4A1A7765E7000486F3 /* PhotoDetailViewController.h */ = {isa = PBXFileReference; fileEncoding = 4; lastKnownFileType = sourcecode.c.h; path = PhotoDetailViewController.h; sourceTree = "<group>"; };
		CD52FD4B1A7765E7000486F3 /* PhotoDetailViewController.m */ = {isa = PBXFileReference; fileEncoding = 4; lastKnownFileType = sourcecode.c.objc; path = PhotoDetailViewController.m; sourceTree = "<group>"; };
		CD9A3B1B1A77507F00540D28 /* CoreDataHelper.h */ = {isa = PBXFileReference; fileEncoding = 4; lastKnownFileType = sourcecode.c.h; path = CoreDataHelper.h; sourceTree = "<group>"; };
		CD9A3B1C1A77507F00540D28 /* CoreDataHelper.m */ = {isa = PBXFileReference; fileEncoding = 4; lastKnownFileType = sourcecode.c.objc; path = CoreDataHelper.m; sourceTree = "<group>"; };
		CDACAB631A774E7000BD57B9 /* PictureDataTransformer.h */ = {isa = PBXFileReference; fileEncoding = 4; lastKnownFileType = sourcecode.c.h; path = PictureDataTransformer.h; sourceTree = "<group>"; };
		CDACAB641A774E7000BD57B9 /* PictureDataTransformer.m */ = {isa = PBXFileReference; fileEncoding = 4; lastKnownFileType = sourcecode.c.objc; path = PictureDataTransformer.m; sourceTree = "<group>"; };
		CDAFF52D1A751817006090DB /* PhotosCollectionViewController.h */ = {isa = PBXFileReference; fileEncoding = 4; lastKnownFileType = sourcecode.c.h; path = PhotosCollectionViewController.h; sourceTree = "<group>"; };
		CDAFF52E1A751817006090DB /* PhotosCollectionViewController.m */ = {isa = PBXFileReference; fileEncoding = 4; lastKnownFileType = sourcecode.c.objc; path = PhotosCollectionViewController.m; sourceTree = "<group>"; wrapsLines = 1; };
		CDAFF5301A75199A006090DB /* PhotosCollectionViewCell.h */ = {isa = PBXFileReference; fileEncoding = 4; lastKnownFileType = sourcecode.c.h; path = PhotosCollectionViewCell.h; sourceTree = "<group>"; };
		CDAFF5311A75199A006090DB /* PhotosCollectionViewCell.m */ = {isa = PBXFileReference; fileEncoding = 4; lastKnownFileType = sourcecode.c.objc; path = PhotosCollectionViewCell.m; sourceTree = "<group>"; };
		CDAFF5331A751B79006090DB /* image.jpg */ = {isa = PBXFileReference; lastKnownFileType = image.jpeg; path = image.jpg; sourceTree = "<group>"; };
		CDBEB8651A7776F500945106 /* FiltersCollectionViewController.h */ = {isa = PBXFileReference; fileEncoding = 4; lastKnownFileType = sourcecode.c.h; path = FiltersCollectionViewController.h; sourceTree = "<group>"; };
		CDBEB8661A7776F500945106 /* FiltersCollectionViewController.m */ = {isa = PBXFileReference; fileEncoding = 4; lastKnownFileType = sourcecode.c.objc; path = FiltersCollectionViewController.m; sourceTree = "<group>"; };
		CDFB09FC1A7755490037989D /* Album.h */ = {isa = PBXFileReference; fileEncoding = 4; lastKnownFileType = sourcecode.c.h; path = Album.h; sourceTree = "<group>"; };
		CDFB09FD1A7755490037989D /* Album.m */ = {isa = PBXFileReference; fileEncoding = 4; lastKnownFileType = sourcecode.c.objc; path = Album.m; sourceTree = "<group>"; };
		CDFB09FF1A77554A0037989D /* Photo.h */ = {isa = PBXFileReference; fileEncoding = 4; lastKnownFileType = sourcecode.c.h; path = Photo.h; sourceTree = "<group>"; };
		CDFB0A001A77554A0037989D /* Photo.m */ = {isa = PBXFileReference; fileEncoding = 4; lastKnownFileType = sourcecode.c.objc; path = Photo.m; sourceTree = "<group>"; };
/* End PBXFileReference section */

/* Begin PBXFrameworksBuildPhase section */
		CD03A8361A7501A600C5CBC8 /* Frameworks */ = {
			isa = PBXFrameworksBuildPhase;
			buildActionMask = 2147483647;
			files = (
			);
			runOnlyForDeploymentPostprocessing = 0;
		};
		CD03A8521A7501A600C5CBC8 /* Frameworks */ = {
			isa = PBXFrameworksBuildPhase;
			buildActionMask = 2147483647;
			files = (
			);
			runOnlyForDeploymentPostprocessing = 0;
		};
/* End PBXFrameworksBuildPhase section */

/* Begin PBXGroup section */
		CD03A8301A7501A600C5CBC8 = {
			isa = PBXGroup;
			children = (
				CD03A83B1A7501A600C5CBC8 /* Thousand Word */,
				CD03A8581A7501A600C5CBC8 /* Thousand WordTests */,
				CD03A83A1A7501A600C5CBC8 /* Products */,
			);
			sourceTree = "<group>";
		};
		CD03A83A1A7501A600C5CBC8 /* Products */ = {
			isa = PBXGroup;
			children = (
				CD03A8391A7501A600C5CBC8 /* Thousand Word.app */,
				CD03A8551A7501A600C5CBC8 /* Thousand WordTests.xctest */,
			);
			name = Products;
			sourceTree = "<group>";
		};
		CD03A83B1A7501A600C5CBC8 /* Thousand Word */ = {
			isa = PBXGroup;
			children = (
				CD03A8401A7501A600C5CBC8 /* AppDelegate.h */,
				CD03A8411A7501A600C5CBC8 /* AppDelegate.m */,
				CD03A8491A7501A600C5CBC8 /* Main.storyboard */,
				CD03A8651A75021D00C5CBC8 /* AlbumTableViewController.h */,
				CD03A8661A75021D00C5CBC8 /* AlbumTableViewController.m */,
				CDAFF52D1A751817006090DB /* PhotosCollectionViewController.h */,
				CDAFF52E1A751817006090DB /* PhotosCollectionViewController.m */,
				CDAFF5301A75199A006090DB /* PhotosCollectionViewCell.h */,
				CDAFF5311A75199A006090DB /* PhotosCollectionViewCell.m */,
				CD52FD4A1A7765E7000486F3 /* PhotoDetailViewController.h */,
				CD52FD4B1A7765E7000486F3 /* PhotoDetailViewController.m */,
				CDBEB8651A7776F500945106 /* FiltersCollectionViewController.h */,
				CDBEB8661A7776F500945106 /* FiltersCollectionViewController.m */,
				CD03A84C1A7501A600C5CBC8 /* Images.xcassets */,
				CD03A84E1A7501A600C5CBC8 /* LaunchScreen.xib */,
				CDACAB621A774E3C00BD57B9 /* CoreData */,
				CD03A83C1A7501A600C5CBC8 /* Supporting Files */,
			);
			path = "Thousand Word";
			sourceTree = "<group>";
		};
		CD03A83C1A7501A600C5CBC8 /* Supporting Files */ = {
			isa = PBXGroup;
			children = (
				CDAFF5331A751B79006090DB /* image.jpg */,
				CD03A83D1A7501A600C5CBC8 /* Info.plist */,
				CD03A83E1A7501A600C5CBC8 /* main.m */,
				CDACAB631A774E7000BD57B9 /* PictureDataTransformer.h */,
				CDACAB641A774E7000BD57B9 /* PictureDataTransformer.m */,
				CD9A3B1B1A77507F00540D28 /* CoreDataHelper.h */,
				CD9A3B1C1A77507F00540D28 /* CoreDataHelper.m */,
			);
			name = "Supporting Files";
			sourceTree = "<group>";
		};
		CD03A8581A7501A600C5CBC8 /* Thousand WordTests */ = {
			isa = PBXGroup;
			children = (
				CD03A85B1A7501A600C5CBC8 /* Thousand_WordTests.m */,
				CD03A8591A7501A600C5CBC8 /* Supporting Files */,
			);
			path = "Thousand WordTests";
			sourceTree = "<group>";
		};
		CD03A8591A7501A600C5CBC8 /* Supporting Files */ = {
			isa = PBXGroup;
			children = (
				CD03A85A1A7501A600C5CBC8 /* Info.plist */,
			);
			name = "Supporting Files";
			sourceTree = "<group>";
		};
		CDACAB621A774E3C00BD57B9 /* CoreData */ = {
			isa = PBXGroup;
			children = (
				CD03A8431A7501A600C5CBC8 /* Thousand_Word.xcdatamodeld */,
				CDFB09FF1A77554A0037989D /* Photo.h */,
				CDFB0A001A77554A0037989D /* Photo.m */,
				CDFB09FC1A7755490037989D /* Album.h */,
				CDFB09FD1A7755490037989D /* Album.m */,
			);
			name = CoreData;
			sourceTree = "<group>";
		};
/* End PBXGroup section */

/* Begin PBXNativeTarget section */
		CD03A8381A7501A600C5CBC8 /* Thousand Word */ = {
			isa = PBXNativeTarget;
			buildConfigurationList = CD03A85F1A7501A600C5CBC8 /* Build configuration list for PBXNativeTarget "Thousand Word" */;
			buildPhases = (
				CD03A8351A7501A600C5CBC8 /* Sources */,
				CD03A8361A7501A600C5CBC8 /* Frameworks */,
				CD03A8371A7501A600C5CBC8 /* Resources */,
			);
			buildRules = (
			);
			dependencies = (
			);
			name = "Thousand Word";
			productName = "Thousand Word";
			productReference = CD03A8391A7501A600C5CBC8 /* Thousand Word.app */;
			productType = "com.apple.product-type.application";
		};
		CD03A8541A7501A600C5CBC8 /* Thousand WordTests */ = {
			isa = PBXNativeTarget;
			buildConfigurationList = CD03A8621A7501A600C5CBC8 /* Build configuration list for PBXNativeTarget "Thousand WordTests" */;
			buildPhases = (
				CD03A8511A7501A600C5CBC8 /* Sources */,
				CD03A8521A7501A600C5CBC8 /* Frameworks */,
				CD03A8531A7501A600C5CBC8 /* Resources */,
			);
			buildRules = (
			);
			dependencies = (
				CD03A8571A7501A600C5CBC8 /* PBXTargetDependency */,
			);
			name = "Thousand WordTests";
			productName = "Thousand WordTests";
			productReference = CD03A8551A7501A600C5CBC8 /* Thousand WordTests.xctest */;
			productType = "com.apple.product-type.bundle.unit-test";
		};
/* End PBXNativeTarget section */

/* Begin PBXProject section */
		CD03A8311A7501A600C5CBC8 /* Project object */ = {
			isa = PBXProject;
			attributes = {
				LastUpgradeCheck = 0610;
				ORGANIZATIONNAME = delmarz;
				TargetAttributes = {
					CD03A8381A7501A600C5CBC8 = {
						CreatedOnToolsVersion = 6.1.1;
					};
					CD03A8541A7501A600C5CBC8 = {
						CreatedOnToolsVersion = 6.1.1;
						TestTargetID = CD03A8381A7501A600C5CBC8;
					};
				};
			};
			buildConfigurationList = CD03A8341A7501A600C5CBC8 /* Build configuration list for PBXProject "Thousand Word" */;
			compatibilityVersion = "Xcode 3.2";
			developmentRegion = English;
			hasScannedForEncodings = 0;
			knownRegions = (
				en,
				Base,
			);
			mainGroup = CD03A8301A7501A600C5CBC8;
			productRefGroup = CD03A83A1A7501A600C5CBC8 /* Products */;
			projectDirPath = "";
			projectRoot = "";
			targets = (
				CD03A8381A7501A600C5CBC8 /* Thousand Word */,
				CD03A8541A7501A600C5CBC8 /* Thousand WordTests */,
			);
		};
/* End PBXProject section */

/* Begin PBXResourcesBuildPhase section */
		CD03A8371A7501A600C5CBC8 /* Resources */ = {
			isa = PBXResourcesBuildPhase;
			buildActionMask = 2147483647;
			files = (
				CD03A84B1A7501A600C5CBC8 /* Main.storyboard in Resources */,
				CD03A8501A7501A600C5CBC8 /* LaunchScreen.xib in Resources */,
				CD03A84D1A7501A600C5CBC8 /* Images.xcassets in Resources */,
				CDAFF5341A751B79006090DB /* image.jpg in Resources */,
			);
			runOnlyForDeploymentPostprocessing = 0;
		};
		CD03A8531A7501A600C5CBC8 /* Resources */ = {
			isa = PBXResourcesBuildPhase;
			buildActionMask = 2147483647;
			files = (
			);
			runOnlyForDeploymentPostprocessing = 0;
		};
/* End PBXResourcesBuildPhase section */

/* Begin PBXSourcesBuildPhase section */
		CD03A8351A7501A600C5CBC8 /* Sources */ = {
			isa = PBXSourcesBuildPhase;
			buildActionMask = 2147483647;
			files = (
				CDAFF5321A75199A006090DB /* PhotosCollectionViewCell.m in Sources */,
				CD52FD4C1A7765E7000486F3 /* PhotoDetailViewController.m in Sources */,
				CD03A8451A7501A600C5CBC8 /* Thousand_Word.xcdatamodeld in Sources */,
				CD03A8671A75021D00C5CBC8 /* AlbumTableViewController.m in Sources */,
				CDBEB8671A7776F500945106 /* FiltersCollectionViewController.m in Sources */,
				CD03A8421A7501A600C5CBC8 /* AppDelegate.m in Sources */,
				CDACAB651A774E7000BD57B9 /* PictureDataTransformer.m in Sources */,
				CDAFF52F1A751817006090DB /* PhotosCollectionViewController.m in Sources */,
				CDFB09FE1A7755490037989D /* Album.m in Sources */,
				CD9A3B1D1A77507F00540D28 /* CoreDataHelper.m in Sources */,
				CDFB0A011A77554A0037989D /* Photo.m in Sources */,
				CD03A83F1A7501A600C5CBC8 /* main.m in Sources */,
			);
			runOnlyForDeploymentPostprocessing = 0;
		};
		CD03A8511A7501A600C5CBC8 /* Sources */ = {
			isa = PBXSourcesBuildPhase;
			buildActionMask = 2147483647;
			files = (
				CD03A85C1A7501A600C5CBC8 /* Thousand_WordTests.m in Sources */,
			);
			runOnlyForDeploymentPostprocessing = 0;
		};
/* End PBXSourcesBuildPhase section */

/* Begin PBXTargetDependency section */
		CD03A8571A7501A600C5CBC8 /* PBXTargetDependency */ = {
			isa = PBXTargetDependency;
			target = CD03A8381A7501A600C5CBC8 /* Thousand Word */;
			targetProxy = CD03A8561A7501A600C5CBC8 /* PBXContainerItemProxy */;
		};
/* End PBXTargetDependency section */

/* Begin PBXVariantGroup section */
		CD03A8491A7501A600C5CBC8 /* Main.storyboard */ = {
			isa = PBXVariantGroup;
			children = (
				CD03A84A1A7501A600C5CBC8 /* Base */,
			);
			name = Main.storyboard;
			sourceTree = "<group>";
		};
		CD03A84E1A7501A600C5CBC8 /* LaunchScreen.xib */ = {
			isa = PBXVariantGroup;
			children = (
				CD03A84F1A7501A600C5CBC8 /* Base */,
			);
			name = LaunchScreen.xib;
			sourceTree = "<group>";
		};
/* End PBXVariantGroup section */

/* Begin XCBuildConfiguration section */
		CD03A85D1A7501A600C5CBC8 /* Debug */ = {
			isa = XCBuildConfiguration;
			buildSettings = {
				ALWAYS_SEARCH_USER_PATHS = NO;
				CLANG_CXX_LANGUAGE_STANDARD = "gnu++0x";
				CLANG_CXX_LIBRARY = "libc++";
				CLANG_ENABLE_MODULES = YES;
				CLANG_ENABLE_OBJC_ARC = YES;
				CLANG_WARN_BOOL_CONVERSION = YES;
				CLANG_WARN_CONSTANT_CONVERSION = YES;
				CLANG_WARN_DIRECT_OBJC_ISA_USAGE = YES_ERROR;
				CLANG_WARN_EMPTY_BODY = YES;
				CLANG_WARN_ENUM_CONVERSION = YES;
				CLANG_WARN_INT_CONVERSION = YES;
				CLANG_WARN_OBJC_ROOT_CLASS = YES_ERROR;
				CLANG_WARN_UNREACHABLE_CODE = YES;
				CLANG_WARN__DUPLICATE_METHOD_MATCH = YES;
				"CODE_SIGN_IDENTITY[sdk=iphoneos*]" = "iPhone Developer";
				COPY_PHASE_STRIP = NO;
				ENABLE_STRICT_OBJC_MSGSEND = YES;
				GCC_C_LANGUAGE_STANDARD = gnu99;
				GCC_DYNAMIC_NO_PIC = NO;
				GCC_OPTIMIZATION_LEVEL = 0;
				GCC_PREPROCESSOR_DEFINITIONS = (
					"DEBUG=1",
					"$(inherited)",
				);
				GCC_SYMBOLS_PRIVATE_EXTERN = NO;
				GCC_WARN_64_TO_32_BIT_CONVERSION = YES;
				GCC_WARN_ABOUT_RETURN_TYPE = YES_ERROR;
				GCC_WARN_UNDECLARED_SELECTOR = YES;
				GCC_WARN_UNINITIALIZED_AUTOS = YES_AGGRESSIVE;
				GCC_WARN_UNUSED_FUNCTION = YES;
				GCC_WARN_UNUSED_VARIABLE = YES;
				IPHONEOS_DEPLOYMENT_TARGET = 8.1;
				MTL_ENABLE_DEBUG_INFO = YES;
				ONLY_ACTIVE_ARCH = YES;
				SDKROOT = iphoneos;
				TARGETED_DEVICE_FAMILY = "1,2";
			};
			name = Debug;
		};
		CD03A85E1A7501A600C5CBC8 /* Release */ = {
			isa = XCBuildConfiguration;
			buildSettings = {
				ALWAYS_SEARCH_USER_PATHS = NO;
				CLANG_CXX_LANGUAGE_STANDARD = "gnu++0x";
				CLANG_CXX_LIBRARY = "libc++";
				CLANG_ENABLE_MODULES = YES;
				CLANG_ENABLE_OBJC_ARC = YES;
				CLANG_WARN_BOOL_CONVERSION = YES;
				CLANG_WARN_CONSTANT_CONVERSION = YES;
				CLANG_WARN_DIRECT_OBJC_ISA_USAGE = YES_ERROR;
				CLANG_WARN_EMPTY_BODY = YES;
				CLANG_WARN_ENUM_CONVERSION = YES;
				CLANG_WARN_INT_CONVERSION = YES;
				CLANG_WARN_OBJC_ROOT_CLASS = YES_ERROR;
				CLANG_WARN_UNREACHABLE_CODE = YES;
				CLANG_WARN__DUPLICATE_METHOD_MATCH = YES;
				"CODE_SIGN_IDENTITY[sdk=iphoneos*]" = "iPhone Developer";
				COPY_PHASE_STRIP = YES;
				ENABLE_NS_ASSERTIONS = NO;
				ENABLE_STRICT_OBJC_MSGSEND = YES;
				GCC_C_LANGUAGE_STANDARD = gnu99;
				GCC_WARN_64_TO_32_BIT_CONVERSION = YES;
				GCC_WARN_ABOUT_RETURN_TYPE = YES_ERROR;
				GCC_WARN_UNDECLARED_SELECTOR = YES;
				GCC_WARN_UNINITIALIZED_AUTOS = YES_AGGRESSIVE;
				GCC_WARN_UNUSED_FUNCTION = YES;
				GCC_WARN_UNUSED_VARIABLE = YES;
				IPHONEOS_DEPLOYMENT_TARGET = 8.1;
				MTL_ENABLE_DEBUG_INFO = NO;
				SDKROOT = iphoneos;
				TARGETED_DEVICE_FAMILY = "1,2";
				VALIDATE_PRODUCT = YES;
			};
			name = Release;
		};
		CD03A8601A7501A600C5CBC8 /* Debug */ = {
			isa = XCBuildConfiguration;
			buildSettings = {
				ASSETCATALOG_COMPILER_APPICON_NAME = AppIcon;
				INFOPLIST_FILE = "Thousand Word/Info.plist";
				IPHONEOS_DEPLOYMENT_TARGET = 8.1;
				LD_RUNPATH_SEARCH_PATHS = "$(inherited) @executable_path/Frameworks";
				PRODUCT_NAME = "$(TARGET_NAME)";
			};
			name = Debug;
		};
		CD03A8611A7501A600C5CBC8 /* Release */ = {
			isa = XCBuildConfiguration;
			buildSettings = {
				ASSETCATALOG_COMPILER_APPICON_NAME = AppIcon;
				INFOPLIST_FILE = "Thousand Word/Info.plist";
				IPHONEOS_DEPLOYMENT_TARGET = 8.1;
				LD_RUNPATH_SEARCH_PATHS = "$(inherited) @executable_path/Frameworks";
				PRODUCT_NAME = "$(TARGET_NAME)";
			};
			name = Release;
		};
		CD03A8631A7501A600C5CBC8 /* Debug */ = {
			isa = XCBuildConfiguration;
			buildSettings = {
				BUNDLE_LOADER = "$(TEST_HOST)";
				FRAMEWORK_SEARCH_PATHS = (
					"$(SDKROOT)/Developer/Library/Frameworks",
					"$(inherited)",
				);
				GCC_PREPROCESSOR_DEFINITIONS = (
					"DEBUG=1",
					"$(inherited)",
				);
				INFOPLIST_FILE = "Thousand WordTests/Info.plist";
				LD_RUNPATH_SEARCH_PATHS = "$(inherited) @executable_path/Frameworks @loader_path/Frameworks";
				PRODUCT_NAME = "$(TARGET_NAME)";
				TEST_HOST = "$(BUILT_PRODUCTS_DIR)/Thousand Word.app/Thousand Word";
			};
			name = Debug;
		};
		CD03A8641A7501A600C5CBC8 /* Release */ = {
			isa = XCBuildConfiguration;
			buildSettings = {
				BUNDLE_LOADER = "$(TEST_HOST)";
				FRAMEWORK_SEARCH_PATHS = (
					"$(SDKROOT)/Developer/Library/Frameworks",
					"$(inherited)",
				);
				INFOPLIST_FILE = "Thousand WordTests/Info.plist";
				LD_RUNPATH_SEARCH_PATHS = "$(inherited) @executable_path/Frameworks @loader_path/Frameworks";
				PRODUCT_NAME = "$(TARGET_NAME)";
				TEST_HOST = "$(BUILT_PRODUCTS_DIR)/Thousand Word.app/Thousand Word";
			};
			name = Release;
		};
/* End XCBuildConfiguration section */

/* Begin XCConfigurationList section */
		CD03A8341A7501A600C5CBC8 /* Build configuration list for PBXProject "Thousand Word" */ = {
			isa = XCConfigurationList;
			buildConfigurations = (
				CD03A85D1A7501A600C5CBC8 /* Debug */,
				CD03A85E1A7501A600C5CBC8 /* Release */,
			);
			defaultConfigurationIsVisible = 0;
			defaultConfigurationName = Release;
		};
		CD03A85F1A7501A600C5CBC8 /* Build configuration list for PBXNativeTarget "Thousand Word" */ = {
			isa = XCConfigurationList;
			buildConfigurations = (
				CD03A8601A7501A600C5CBC8 /* Debug */,
				CD03A8611A7501A600C5CBC8 /* Release */,
			);
			defaultConfigurationIsVisible = 0;
			defaultConfigurationName = Release;
		};
		CD03A8621A7501A600C5CBC8 /* Build configuration list for PBXNativeTarget "Thousand WordTests" */ = {
			isa = XCConfigurationList;
			buildConfigurations = (
				CD03A8631A7501A600C5CBC8 /* Debug */,
				CD03A8641A7501A600C5CBC8 /* Release */,
			);
			defaultConfigurationIsVisible = 0;
			defaultConfigurationName = Release;
		};
/* End XCConfigurationList section */

/* Begin XCVersionGroup section */
		CD03A8431A7501A600C5CBC8 /* Thousand_Word.xcdatamodeld */ = {
			isa = XCVersionGroup;
			children = (
				CD03A8441A7501A600C5CBC8 /* Thousand_Word.xcdatamodel */,
			);
			currentVersion = CD03A8441A7501A600C5CBC8 /* Thousand_Word.xcdatamodel */;
			path = Thousand_Word.xcdatamodeld;
			sourceTree = "<group>";
			versionGroupType = wrapper.xcdatamodel;
		};
/* End XCVersionGroup section */
	};
	rootObject = CD03A8311A7501A600C5CBC8 /* Project object */;
}
